
Microsoft Visual Studio Solution File, Format Version 12.00
# Visual Studio Version 17
VisualStudioVersion = 17.4.33027.239
MinimumVisualStudioVersion = 10.0.40219.1
Project("{2150E333-8FDC-42A3-9474-1A3956D46DE8}") = "AuctionManagment", "AuctionManagment", "{7C0E83FA-CB80-4133-89CA-4F0D0BC7D33B}"
EndProject
Project("{2150E333-8FDC-42A3-9474-1A3956D46DE8}") = "Applicaiton", "Applicaiton", "{26F64D68-8026-4706-8B81-3E9C9838A557}"
EndProject
Project("{2150E333-8FDC-42A3-9474-1A3956D46DE8}") = "Domain", "Domain", "{81034494-C15D-4158-A751-5D2F5A099C1B}"
EndProject
Project("{2150E333-8FDC-42A3-9474-1A3956D46DE8}") = "Inteface", "Inteface", "{A1D94EBD-523D-4E9F-BF6E-65008AFE0EC2}"
EndProject
Project("{2150E333-8FDC-42A3-9474-1A3956D46DE8}") = "Framework", "Framework", "{A0FA033B-7165-4A7E-9121-147CD020E373}"
EndProject
Project("{2150E333-8FDC-42A3-9474-1A3956D46DE8}") = "Infrastructor", "Infrastructor", "{BA606740-650A-46F6-BE8B-AA61F987F02A}"
EndProject
Project("{FAE04EC0-301F-11D3-BF4B-00C04F79EFBC}") = "Framework.Application", "Framework.Application\Framework.Application.csproj", "{E6DDB120-F53F-4A3B-82B5-49C381A72058}"
EndProject
Project("{2150E333-8FDC-42A3-9474-1A3956D46DE8}") = "src", "src", "{2AA1DCF9-9174-459D-9C31-8878DA45D46F}"
EndProject
Project("{2150E333-8FDC-42A3-9474-1A3956D46DE8}") = "test", "test", "{5553E9B4-3B02-4309-8011-B8514C1E1815}"
EndProject
Project("{FAE04EC0-301F-11D3-BF4B-00C04F79EFBC}") = "Application.AuctionManagment", "Application.AuctionManagment\Application.AuctionManagment.csproj", "{59A48D57-7D1B-44CC-84E2-B1BA30F1C21F}"
EndProject
Project("{FAE04EC0-301F-11D3-BF4B-00C04F79EFBC}") = "ApplicationAuctionMangment.Contrancts", "ApplicationAuctionMangment.Contranct\ApplicationAuctionMangment.Contrancts.csproj", "{8CC9A092-0CE8-4435-8FBD-DD64DF05B34F}"
EndProject
Project("{FAE04EC0-301F-11D3-BF4B-00C04F79EFBC}") = "AuctionManagment.RestApi", "AuctionManagment.RestApi\AuctionManagment.RestApi.csproj", "{73E6FFB8-97B3-4D44-A132-87603F4A0A9E}"
EndProject
Project("{FAE04EC0-301F-11D3-BF4B-00C04F79EFBC}") = "Framework.Autofac", "Framework.Autofac\Framework.Autofac.csproj", "{7EFBCE07-43F5-41AF-AE96-8310A7B2F2EA}"
EndProject
Project("{FAE04EC0-301F-11D3-BF4B-00C04F79EFBC}") = "Framework.Domain", "Framework.Domain\Framework.Domain.csproj", "{BFA6A394-66C6-43FC-8E32-FB1EA1524058}"
EndProject
Global
	GlobalSection(SolutionConfigurationPlatforms) = preSolution
		Debug|Any CPU = Debug|Any CPU
		Release|Any CPU = Release|Any CPU
	EndGlobalSection
	GlobalSection(ProjectConfigurationPlatforms) = postSolution
		{E6DDB120-F53F-4A3B-82B5-49C381A72058}.Debug|Any CPU.ActiveCfg = Debug|Any CPU
		{E6DDB120-F53F-4A3B-82B5-49C381A72058}.Debug|Any CPU.Build.0 = Debug|Any CPU
		{E6DDB120-F53F-4A3B-82B5-49C381A72058}.Release|Any CPU.ActiveCfg = Release|Any CPU
		{E6DDB120-F53F-4A3B-82B5-49C381A72058}.Release|Any CPU.Build.0 = Release|Any CPU
		{59A48D57-7D1B-44CC-84E2-B1BA30F1C21F}.Debug|Any CPU.ActiveCfg = Debug|Any CPU
		{59A48D57-7D1B-44CC-84E2-B1BA30F1C21F}.Debug|Any CPU.Build.0 = Debug|Any CPU
		{59A48D57-7D1B-44CC-84E2-B1BA30F1C21F}.Release|Any CPU.ActiveCfg = Release|Any CPU
		{59A48D57-7D1B-44CC-84E2-B1BA30F1C21F}.Release|Any CPU.Build.0 = Release|Any CPU
		{8CC9A092-0CE8-4435-8FBD-DD64DF05B34F}.Debug|Any CPU.ActiveCfg = Debug|Any CPU
		{8CC9A092-0CE8-4435-8FBD-DD64DF05B34F}.Debug|Any CPU.Build.0 = Debug|Any CPU
		{8CC9A092-0CE8-4435-8FBD-DD64DF05B34F}.Release|Any CPU.ActiveCfg = Release|Any CPU
		{8CC9A092-0CE8-4435-8FBD-DD64DF05B34F}.Release|Any CPU.Build.0 = Release|Any CPU
		{73E6FFB8-97B3-4D44-A132-87603F4A0A9E}.Debug|Any CPU.ActiveCfg = Debug|Any CPU
		{73E6FFB8-97B3-4D44-A132-87603F4A0A9E}.Debug|Any CPU.Build.0 = Debug|Any CPU
		{73E6FFB8-97B3-4D44-A132-87603F4A0A9E}.Release|Any CPU.ActiveCfg = Release|Any CPU
		{73E6FFB8-97B3-4D44-A132-87603F4A0A9E}.Release|Any CPU.Build.0 = Release|Any CPU
		{7EFBCE07-43F5-41AF-AE96-8310A7B2F2EA}.Debug|Any CPU.ActiveCfg = Debug|Any CPU
		{7EFBCE07-43F5-41AF-AE96-8310A7B2F2EA}.Debug|Any CPU.Build.0 = Debug|Any CPU
		{7EFBCE07-43F5-41AF-AE96-8310A7B2F2EA}.Release|Any CPU.ActiveCfg = Release|Any CPU
		{7EFBCE07-43F5-41AF-AE96-8310A7B2F2EA}.Release|Any CPU.Build.0 = Release|Any CPU
		{BFA6A394-66C6-43FC-8E32-FB1EA1524058}.Debug|Any CPU.ActiveCfg = Debug|Any CPU
		{BFA6A394-66C6-43FC-8E32-FB1EA1524058}.Debug|Any CPU.Build.0 = Debug|Any CPU
		{BFA6A394-66C6-43FC-8E32-FB1EA1524058}.Release|Any CPU.ActiveCfg = Release|Any CPU
		{BFA6A394-66C6-43FC-8E32-FB1EA1524058}.Release|Any CPU.Build.0 = Release|Any CPU
	EndGlobalSection
	GlobalSection(SolutionProperties) = preSolution
		HideSolutionNode = FALSE
	EndGlobalSection
	GlobalSection(NestedProjects) = preSolution
		{26F64D68-8026-4706-8B81-3E9C9838A557} = {7C0E83FA-CB80-4133-89CA-4F0D0BC7D33B}
		{81034494-C15D-4158-A751-5D2F5A099C1B} = {7C0E83FA-CB80-4133-89CA-4F0D0BC7D33B}
		{A1D94EBD-523D-4E9F-BF6E-65008AFE0EC2} = {7C0E83FA-CB80-4133-89CA-4F0D0BC7D33B}
		{BA606740-650A-46F6-BE8B-AA61F987F02A} = {7C0E83FA-CB80-4133-89CA-4F0D0BC7D33B}
		{E6DDB120-F53F-4A3B-82B5-49C381A72058} = {2AA1DCF9-9174-459D-9C31-8878DA45D46F}
		{2AA1DCF9-9174-459D-9C31-8878DA45D46F} = {A0FA033B-7165-4A7E-9121-147CD020E373}
		{5553E9B4-3B02-4309-8011-B8514C1E1815} = {A0FA033B-7165-4A7E-9121-147CD020E373}
		{59A48D57-7D1B-44CC-84E2-B1BA30F1C21F} = {26F64D68-8026-4706-8B81-3E9C9838A557}
		{8CC9A092-0CE8-4435-8FBD-DD64DF05B34F} = {26F64D68-8026-4706-8B81-3E9C9838A557}
		{73E6FFB8-97B3-4D44-A132-87603F4A0A9E} = {A1D94EBD-523D-4E9F-BF6E-65008AFE0EC2}
		{7EFBCE07-43F5-41AF-AE96-8310A7B2F2EA} = {2AA1DCF9-9174-459D-9C31-8878DA45D46F}
		{BFA6A394-66C6-43FC-8E32-FB1EA1524058} = {2AA1DCF9-9174-459D-9C31-8878DA45D46F}
	EndGlobalSection
	GlobalSection(ExtensibilityGlobals) = postSolution
		SolutionGuid = {5CE1DA6C-311F-4359-BDCB-4EBBF5DC5E70}
	EndGlobalSection
EndGlobal
